// !$*UTF8*$!
{
	archiveVersion = 1;
	classes = {
	};
	objectVersion = 56;
	objects = {

/* Begin PBXBuildFile section */
		8C44C4722A6E4CA700044068 /* Alamofire in Frameworks */ = {isa = PBXBuildFile; productRef = 8C44C4712A6E4CA700044068 /* Alamofire */; };
		8C44C4742A6F6C1A00044068 /* PaPago.swift in Sources */ = {isa = PBXBuildFile; fileRef = 8C44C4732A6F6C1A00044068 /* PaPago.swift */; };
		8C44C4762A6F6C5000044068 /* ChckNorrisJokeResponse.swift in Sources */ = {isa = PBXBuildFile; fileRef = 8C44C4752A6F6C5000044068 /* ChckNorrisJokeResponse.swift */; };
		8C44C4782A6F88C000044068 /* ImageGameViewController.swift in Sources */ = {isa = PBXBuildFile; fileRef = 8C44C4772A6F88C000044068 /* ImageGameViewController.swift */; };
		8C5CAF002A6E2F4F00107EDB /* AppDelegate.swift in Sources */ = {isa = PBXBuildFile; fileRef = 8C5CAEFF2A6E2F4F00107EDB /* AppDelegate.swift */; };
		8C5CAF022A6E2F4F00107EDB /* SceneDelegate.swift in Sources */ = {isa = PBXBuildFile; fileRef = 8C5CAF012A6E2F4F00107EDB /* SceneDelegate.swift */; };
		8C5CAF042A6E2F4F00107EDB /* ViewController.swift in Sources */ = {isa = PBXBuildFile; fileRef = 8C5CAF032A6E2F4F00107EDB /* ViewController.swift */; };
		8C5CAF072A6E2F4F00107EDB /* Main.storyboard in Resources */ = {isa = PBXBuildFile; fileRef = 8C5CAF052A6E2F4F00107EDB /* Main.storyboard */; };
		8C5CAF092A6E2F5300107EDB /* Assets.xcassets in Resources */ = {isa = PBXBuildFile; fileRef = 8C5CAF082A6E2F5300107EDB /* Assets.xcassets */; };
		8C5CAF0C2A6E2F5300107EDB /* LaunchScreen.storyboard in Resources */ = {isa = PBXBuildFile; fileRef = 8C5CAF0A2A6E2F5300107EDB /* LaunchScreen.storyboard */; };
/* End PBXBuildFile section */

/* Begin PBXFileReference section */
		8C44C4732A6F6C1A00044068 /* PaPago.swift */ = {isa = PBXFileReference; lastKnownFileType = sourcecode.swift; path = PaPago.swift; sourceTree = "<group>"; };
		8C44C4752A6F6C5000044068 /* ChckNorrisJokeResponse.swift */ = {isa = PBXFileReference; lastKnownFileType = sourcecode.swift; path = ChckNorrisJokeResponse.swift; sourceTree = "<group>"; };
		8C44C4772A6F88C000044068 /* ImageGameViewController.swift */ = {isa = PBXFileReference; lastKnownFileType = sourcecode.swift; path = ImageGameViewController.swift; sourceTree = "<group>"; };
		8C5CAEFC2A6E2F4F00107EDB /* ChuckNorrisJoke.app */ = {isa = PBXFileReference; explicitFileType = wrapper.application; includeInIndex = 0; path = ChuckNorrisJoke.app; sourceTree = BUILT_PRODUCTS_DIR; };
		8C5CAEFF2A6E2F4F00107EDB /* AppDelegate.swift */ = {isa = PBXFileReference; lastKnownFileType = sourcecode.swift; path = AppDelegate.swift; sourceTree = "<group>"; };
		8C5CAF012A6E2F4F00107EDB /* SceneDelegate.swift */ = {isa = PBXFileReference; lastKnownFileType = sourcecode.swift; path = SceneDelegate.swift; sourceTree = "<group>"; };
		8C5CAF032A6E2F4F00107EDB /* ViewController.swift */ = {isa = PBXFileReference; lastKnownFileType = sourcecode.swift; path = ViewController.swift; sourceTree = "<group>"; };
		8C5CAF062A6E2F4F00107EDB /* Base */ = {isa = PBXFileReference; lastKnownFileType = file.storyboard; name = Base; path = Base.lproj/Main.storyboard; sourceTree = "<group>"; };
		8C5CAF082A6E2F5300107EDB /* Assets.xcassets */ = {isa = PBXFileReference; lastKnownFileType = folder.assetcatalog; path = Assets.xcassets; sourceTree = "<group>"; };
		8C5CAF0B2A6E2F5300107EDB /* Base */ = {isa = PBXFileReference; lastKnownFileType = file.storyboard; name = Base; path = Base.lproj/LaunchScreen.storyboard; sourceTree = "<group>"; };
		8C5CAF0D2A6E2F5300107EDB /* Info.plist */ = {isa = PBXFileReference; lastKnownFileType = text.plist.xml; path = Info.plist; sourceTree = "<group>"; };
/* End PBXFileReference section */

/* Begin PBXFrameworksBuildPhase section */
		8C5CAEF92A6E2F4F00107EDB /* Frameworks */ = {
			isa = PBXFrameworksBuildPhase;
			buildActionMask = 2147483647;
			files = (
				8C44C4722A6E4CA700044068 /* Alamofire in Frameworks */,
			);
			runOnlyForDeploymentPostprocessing = 0;
		};
/* End PBXFrameworksBuildPhase section */

/* Begin PBXGroup section */
		8C5CAEF32A6E2F4E00107EDB = {
			isa = PBXGroup;
			children = (
				8C5CAEFE2A6E2F4F00107EDB /* ChuckNorrisJoke */,
				8C5CAEFD2A6E2F4F00107EDB /* Products */,
			);
			sourceTree = "<group>";
		};
		8C5CAEFD2A6E2F4F00107EDB /* Products */ = {
			isa = PBXGroup;
			children = (
				8C5CAEFC2A6E2F4F00107EDB /* ChuckNorrisJoke.app */,
			);
			name = Products;
			sourceTree = "<group>";
		};
		8C5CAEFE2A6E2F4F00107EDB /* ChuckNorrisJoke */ = {
			isa = PBXGroup;
			children = (
				8C44C4772A6F88C000044068 /* ImageGameViewController.swift */,
				8C5CAEFF2A6E2F4F00107EDB /* AppDelegate.swift */,
				8C5CAF012A6E2F4F00107EDB /* SceneDelegate.swift */,
				8C5CAF032A6E2F4F00107EDB /* ViewController.swift */,
				8C44C4752A6F6C5000044068 /* ChckNorrisJokeResponse.swift */,
				8C44C4732A6F6C1A00044068 /* PaPago.swift */,
				8C5CAF052A6E2F4F00107EDB /* Main.storyboard */,
				8C5CAF082A6E2F5300107EDB /* Assets.xcassets */,
				8C5CAF0A2A6E2F5300107EDB /* LaunchScreen.storyboard */,
				8C5CAF0D2A6E2F5300107EDB /* Info.plist */,
			);
			path = ChuckNorrisJoke;
			sourceTree = "<group>";
		};
/* End PBXGroup section */

/* Begin PBXNativeTarget section */
		8C5CAEFB2A6E2F4F00107EDB /* ChuckNorrisJoke */ = {
			isa = PBXNativeTarget;
			buildConfigurationList = 8C5CAF102A6E2F5300107EDB /* Build configuration list for PBXNativeTarget "ChuckNorrisJoke" */;
			buildPhases = (
				8C5CAEF82A6E2F4F00107EDB /* Sources */,
				8C5CAEF92A6E2F4F00107EDB /* Frameworks */,
				8C5CAEFA2A6E2F4F00107EDB /* Resources */,
			);
			buildRules = (
			);
			dependencies = (
			);
			name = ChuckNorrisJoke;
			packageProductDependencies = (
				8C44C4712A6E4CA700044068 /* Alamofire */,
			);
			productName = ChuckNorrisJoke;
			productReference = 8C5CAEFC2A6E2F4F00107EDB /* ChuckNorrisJoke.app */;
			productType = "com.apple.product-type.application";
		};
/* End PBXNativeTarget section */

/* Begin PBXProject section */
		8C5CAEF42A6E2F4E00107EDB /* Project object */ = {
			isa = PBXProject;
			attributes = {
				BuildIndependentTargetsInParallel = 1;
				LastSwiftUpdateCheck = 1430;
				LastUpgradeCheck = 1430;
				TargetAttributes = {
					8C5CAEFB2A6E2F4F00107EDB = {
						CreatedOnToolsVersion = 14.3;
					};
				};
			};
			buildConfigurationList = 8C5CAEF72A6E2F4F00107EDB /* Build configuration list for PBXProject "ChuckNorrisJoke" */;
			compatibilityVersion = "Xcode 14.0";
			developmentRegion = en;
			hasScannedForEncodings = 0;
			knownRegions = (
				en,
				Base,
			);
			mainGroup = 8C5CAEF32A6E2F4E00107EDB;
			packageReferences = (
				8C44C4702A6E4CA700044068 /* XCRemoteSwiftPackageReference "Alamofire" */,
			);
			productRefGroup = 8C5CAEFD2A6E2F4F00107EDB /* Products */;
			projectDirPath = "";
			projectRoot = "";
			targets = (
				8C5CAEFB2A6E2F4F00107EDB /* ChuckNorrisJoke */,
			);
		};
/* End PBXProject section */

/* Begin PBXResourcesBuildPhase section */
		8C5CAEFA2A6E2F4F00107EDB /* Resources */ = {
			isa = PBXResourcesBuildPhase;
			buildActionMask = 2147483647;
			files = (
				8C5CAF0C2A6E2F5300107EDB /* LaunchScreen.storyboard in Resources */,
				8C5CAF092A6E2F5300107EDB /* Assets.xcassets in Resources */,
				8C5CAF072A6E2F4F00107EDB /* Main.storyboard in Resources */,
			);
			runOnlyForDeploymentPostprocessing = 0;
		};
/* End PBXResourcesBuildPhase section */

/* Begin PBXSourcesBuildPhase section */
		8C5CAEF82A6E2F4F00107EDB /* Sources */ = {
			isa = PBXSourcesBuildPhase;
			buildActionMask = 2147483647;
			files = (
				8C5CAF042A6E2F4F00107EDB /* ViewController.swift in Sources */,
				8C5CAF002A6E2F4F00107EDB /* AppDelegate.swift in Sources */,
				8C5CAF022A6E2F4F00107EDB /* SceneDelegate.swift in Sources */,
				8C44C4762A6F6C5000044068 /* ChckNorrisJokeResponse.swift in Sources */,
				8C44C4782A6F88C000044068 /* ImageGameViewController.swift in Sources */,
				8C44C4742A6F6C1A00044068 /* PaPago.swift in Sources */,
			);
			runOnlyForDeploymentPostprocessing = 0;
		};
/* End PBXSourcesBuildPhase section */

/* Begin PBXVariantGroup section */
		8C5CAF052A6E2F4F00107EDB /* Main.storyboard */ = {
			isa = PBXVariantGroup;
			children = (
				8C5CAF062A6E2F4F00107EDB /* Base */,
			);
			name = Main.storyboard;
			sourceTree = "<group>";
		};
		8C5CAF0A2A6E2F5300107EDB /* LaunchScreen.storyboard */ = {
			isa = PBXVariantGroup;
			children = (
				8C5CAF0B2A6E2F5300107EDB /* Base */,
			);
			name = LaunchScreen.storyboard;
			sourceTree = "<group>";
		};
/* End PBXVariantGroup section */

/* Begin XCBuildConfiguration section */
		8C5CAF0E2A6E2F5300107EDB /* Debug */ = {
			isa = XCBuildConfiguration;
			buildSettings = {
				ALWAYS_SEARCH_USER_PATHS = NO;
				CLANG_ANALYZER_NONNULL = YES;
				CLANG_ANALYZER_NUMBER_OBJECT_CONVERSION = YES_AGGRESSIVE;
				CLANG_CXX_LANGUAGE_STANDARD = "gnu++20";
				CLANG_ENABLE_MODULES = YES;
				CLANG_ENABLE_OBJC_ARC = YES;
				CLANG_ENABLE_OBJC_WEAK = YES;
				CLANG_WARN_BLOCK_CAPTURE_AUTORELEASING = YES;
				CLANG_WARN_BOOL_CONVERSION = YES;
				CLANG_WARN_COMMA = YES;
				CLANG_WARN_CONSTANT_CONVERSION = YES;
				CLANG_WARN_DEPRECATED_OBJC_IMPLEMENTATIONS = YES;
				CLANG_WARN_DIRECT_OBJC_ISA_USAGE = YES_ERROR;
				CLANG_WARN_DOCUMENTATION_COMMENTS = YES;
				CLANG_WARN_EMPTY_BODY = YES;
				CLANG_WARN_ENUM_CONVERSION = YES;
				CLANG_WARN_INFINITE_RECURSION = YES;
				CLANG_WARN_INT_CONVERSION = YES;
				CLANG_WARN_NON_LITERAL_NULL_CONVERSION = YES;
				CLANG_WARN_OBJC_IMPLICIT_RETAIN_SELF = YES;
				CLANG_WARN_OBJC_LITERAL_CONVERSION = YES;
				CLANG_WARN_OBJC_ROOT_CLASS = YES_ERROR;
				CLANG_WARN_QUOTED_INCLUDE_IN_FRAMEWORK_HEADER = YES;
				CLANG_WARN_RANGE_LOOP_ANALYSIS = YES;
				CLANG_WARN_STRICT_PROTOTYPES = YES;
				CLANG_WARN_SUSPICIOUS_MOVE = YES;
				CLANG_WARN_UNGUARDED_AVAILABILITY = YES_AGGRESSIVE;
				CLANG_WARN_UNREACHABLE_CODE = YES;
				CLANG_WARN__DUPLICATE_METHOD_MATCH = YES;
				COPY_PHASE_STRIP = NO;
				DEBUG_INFORMATION_FORMAT = dwarf;
				ENABLE_STRICT_OBJC_MSGSEND = YES;
				ENABLE_TESTABILITY = YES;
				GCC_C_LANGUAGE_STANDARD = gnu11;
				GCC_DYNAMIC_NO_PIC = NO;
				GCC_NO_COMMON_BLOCKS = YES;
				GCC_OPTIMIZATION_LEVEL = 0;
				GCC_PREPROCESSOR_DEFINITIONS = (
					"DEBUG=1",
					"$(inherited)",
				);
				GCC_WARN_64_TO_32_BIT_CONVERSION = YES;
				GCC_WARN_ABOUT_RETURN_TYPE = YES_ERROR;
				GCC_WARN_UNDECLARED_SELECTOR = YES;
				GCC_WARN_UNINITIALIZED_AUTOS = YES_AGGRESSIVE;
				GCC_WARN_UNUSED_FUNCTION = YES;
				GCC_WARN_UNUSED_VARIABLE = YES;
				IPHONEOS_DEPLOYMENT_TARGET = 16.4;
				MTL_ENABLE_DEBUG_INFO = INCLUDE_SOURCE;
				MTL_FAST_MATH = YES;
				ONLY_ACTIVE_ARCH = YES;
				SDKROOT = iphoneos;
				SWIFT_ACTIVE_COMPILATION_CONDITIONS = DEBUG;
				SWIFT_OPTIMIZATION_LEVEL = "-Onone";
			};
			name = Debug;
		};
		8C5CAF0F2A6E2F5300107EDB /* Release */ = {
			isa = XCBuildConfiguration;
			buildSettings = {
				ALWAYS_SEARCH_USER_PATHS = NO;
				CLANG_ANALYZER_NONNULL = YES;
				CLANG_ANALYZER_NUMBER_OBJECT_CONVERSION = YES_AGGRESSIVE;
				CLANG_CXX_LANGUAGE_STANDARD = "gnu++20";
				CLANG_ENABLE_MODULES = YES;
				CLANG_ENABLE_OBJC_ARC = YES;
				CLANG_ENABLE_OBJC_WEAK = YES;
				CLANG_WARN_BLOCK_CAPTURE_AUTORELEASING = YES;
				CLANG_WARN_BOOL_CONVERSION = YES;
				CLANG_WARN_COMMA = YES;
				CLANG_WARN_CONSTANT_CONVERSION = YES;
				CLANG_WARN_DEPRECATED_OBJC_IMPLEMENTATIONS = YES;
				CLANG_WARN_DIRECT_OBJC_ISA_USAGE = YES_ERROR;
				CLANG_WARN_DOCUMENTATION_COMMENTS = YES;
				CLANG_WARN_EMPTY_BODY = YES;
				CLANG_WARN_ENUM_CONVERSION = YES;
				CLANG_WARN_INFINITE_RECURSION = YES;
				CLANG_WARN_INT_CONVERSION = YES;
				CLANG_WARN_NON_LITERAL_NULL_CONVERSION = YES;
				CLANG_WARN_OBJC_IMPLICIT_RETAIN_SELF = YES;
				CLANG_WARN_OBJC_LITERAL_CONVERSION = YES;
				CLANG_WARN_OBJC_ROOT_CLASS = YES_ERROR;
				CLANG_WARN_QUOTED_INCLUDE_IN_FRAMEWORK_HEADER = YES;
				CLANG_WARN_RANGE_LOOP_ANALYSIS = YES;
				CLANG_WARN_STRICT_PROTOTYPES = YES;
				CLANG_WARN_SUSPICIOUS_MOVE = YES;
				CLANG_WARN_UNGUARDED_AVAILABILITY = YES_AGGRESSIVE;
				CLANG_WARN_UNREACHABLE_CODE = YES;
				CLANG_WARN__DUPLICATE_METHOD_MATCH = YES;
				COPY_PHASE_STRIP = NO;
				DEBUG_INFORMATION_FORMAT = "dwarf-with-dsym";
				ENABLE_NS_ASSERTIONS = NO;
				ENABLE_STRICT_OBJC_MSGSEND = YES;
				GCC_C_LANGUAGE_STANDARD = gnu11;
				GCC_NO_COMMON_BLOCKS = YES;
				GCC_WARN_64_TO_32_BIT_CONVERSION = YES;
				GCC_WARN_ABOUT_RETURN_TYPE = YES_ERROR;
				GCC_WARN_UNDECLARED_SELECTOR = YES;
				GCC_WARN_UNINITIALIZED_AUTOS = YES_AGGRESSIVE;
				GCC_WARN_UNUSED_FUNCTION = YES;
				GCC_WARN_UNUSED_VARIABLE = YES;
				IPHONEOS_DEPLOYMENT_TARGET = 16.4;
				MTL_ENABLE_DEBUG_INFO = NO;
				MTL_FAST_MATH = YES;
				SDKROOT = iphoneos;
				SWIFT_COMPILATION_MODE = wholemodule;
				SWIFT_OPTIMIZATION_LEVEL = "-O";
				VALIDATE_PRODUCT = YES;
			};
			name = Release;
		};
		8C5CAF112A6E2F5300107EDB /* Debug */ = {
			isa = XCBuildConfiguration;
			buildSettings = {
				ASSETCATALOG_COMPILER_APPICON_NAME = AppIcon;
				ASSETCATALOG_COMPILER_GLOBAL_ACCENT_COLOR_NAME = AccentColor;
				CODE_SIGN_STYLE = Automatic;
				CURRENT_PROJECT_VERSION = 1;
				DEVELOPMENT_TEAM = F2PAPBBTST;
				GENERATE_INFOPLIST_FILE = YES;
				INFOPLIST_FILE = ChuckNorrisJoke/Info.plist;
				INFOPLIST_KEY_UIApplicationSupportsIndirectInputEvents = YES;
				INFOPLIST_KEY_UILaunchStoryboardName = LaunchScreen;
				INFOPLIST_KEY_UIMainStoryboardFile = Main;
				INFOPLIST_KEY_UISupportedInterfaceOrientations_iPad = "UIInterfaceOrientationPortrait UIInterfaceOrientationPortraitUpsideDown UIInterfaceOrientationLandscapeLeft UIInterfaceOrientationLandscapeRight";
				INFOPLIST_KEY_UISupportedInterfaceOrientations_iPhone = "UIInterfaceOrientationPortrait UIInterfaceOrientationLandscapeLeft UIInterfaceOrientationLandscapeRight";
				LD_RUNPATH_SEARCH_PATHS = (
					"$(inherited)",
					"@executable_path/Frameworks",
				);
				MARKETING_VERSION = 1.0;
				PRODUCT_BUNDLE_IDENTIFIER = com.gyeongdeok.ChuckNorrisJoke;
				PRODUCT_NAME = "$(TARGET_NAME)";
				SUPPORTED_PLATFORMS = "iphoneos iphonesimulator";
				SUPPORTS_MACCATALYST = NO;
				SUPPORTS_MAC_DESIGNED_FOR_IPHONE_IPAD = NO;
				SWIFT_EMIT_LOC_STRINGS = YES;
				SWIFT_VERSION = 5.0;
				TARGETED_DEVICE_FAMILY = "1,2";
			};
			name = Debug;
		};
		8C5CAF122A6E2F5300107EDB /* Release */ = {
			isa = XCBuildConfiguration;
			buildSettings = {
				ASSETCATALOG_COMPILER_APPICON_NAME = AppIcon;
				ASSETCATALOG_COMPILER_GLOBAL_ACCENT_COLOR_NAME = AccentColor;
				CODE_SIGN_STYLE = Automatic;
				CURRENT_PROJECT_VERSION = 1;
				DEVELOPMENT_TEAM = F2PAPBBTST;
				GENERATE_INFOPLIST_FILE = YES;
				INFOPLIST_FILE = ChuckNorrisJoke/Info.plist;
				INFOPLIST_KEY_UIApplicationSupportsIndirectInputEvents = YES;
				INFOPLIST_KEY_UILaunchStoryboardName = LaunchScreen;
				INFOPLIST_KEY_UIMainStoryboardFile = Main;
				INFOPLIST_KEY_UISupportedInterfaceOrientations_iPad = "UIInterfaceOrientationPortrait UIInterfaceOrientationPortraitUpsideDown UIInterfaceOrientationLandscapeLeft UIInterfaceOrientationLandscapeRight";
				INFOPLIST_KEY_UISupportedInterfaceOrientations_iPhone = "UIInterfaceOrientationPortrait UIInterfaceOrientationLandscapeLeft UIInterfaceOrientationLandscapeRight";
				LD_RUNPATH_SEARCH_PATHS = (
					"$(inherited)",
					"@executable_path/Frameworks",
				);
				MARKETING_VERSION = 1.0;
				PRODUCT_BUNDLE_IDENTIFIER = com.gyeongdeok.ChuckNorrisJoke;
				PRODUCT_NAME = "$(TARGET_NAME)";
				SUPPORTED_PLATFORMS = "iphoneos iphonesimulator";
				SUPPORTS_MACCATALYST = NO;
				SUPPORTS_MAC_DESIGNED_FOR_IPHONE_IPAD = NO;
				SWIFT_EMIT_LOC_STRINGS = YES;
				SWIFT_VERSION = 5.0;
				TARGETED_DEVICE_FAMILY = "1,2";
			};
			name = Release;
		};
/* End XCBuildConfiguration section */

/* Begin XCConfigurationList section */
		8C5CAEF72A6E2F4F00107EDB /* Build configuration list for PBXProject "ChuckNorrisJoke" */ = {
			isa = XCConfigurationList;
			buildConfigurations = (
				8C5CAF0E2A6E2F5300107EDB /* Debug */,
				8C5CAF0F2A6E2F5300107EDB /* Release */,
			);
			defaultConfigurationIsVisible = 0;
			defaultConfigurationName = Release;
		};
		8C5CAF102A6E2F5300107EDB /* Build configuration list for PBXNativeTarget "ChuckNorrisJoke" */ = {
			isa = XCConfigurationList;
			buildConfigurations = (
				8C5CAF112A6E2F5300107EDB /* Debug */,
				8C5CAF122A6E2F5300107EDB /* Release */,
			);
			defaultConfigurationIsVisible = 0;
			defaultConfigurationName = Release;
		};
/* End XCConfigurationList section */

/* Begin XCRemoteSwiftPackageReference section */
		8C44C4702A6E4CA700044068 /* XCRemoteSwiftPackageReference "Alamofire" */ = {
			isa = XCRemoteSwiftPackageReference;
			repositoryURL = "https://github.com/Alamofire/Alamofire.git";
			requirement = {
				kind = upToNextMajorVersion;
				minimumVersion = 5.0.0;
			};
		};
/* End XCRemoteSwiftPackageReference section */

/* Begin XCSwiftPackageProductDependency section */
		8C44C4712A6E4CA700044068 /* Alamofire */ = {
			isa = XCSwiftPackageProductDependency;
			package = 8C44C4702A6E4CA700044068 /* XCRemoteSwiftPackageReference "Alamofire" */;
			productName = Alamofire;
		};
/* End XCSwiftPackageProductDependency section */
	};
	rootObject = 8C5CAEF42A6E2F4E00107EDB /* Project object */;
}
