// !$*UTF8*$!
{
	archiveVersion = 1;
	classes = {
	};
	objectVersion = 56;
	objects = {

/* Begin PBXBuildFile section */
		8C2DDC8B2A7E1878004E2D95 /* PrepareViewController.swift in Sources */ = {isa = PBXBuildFile; fileRef = 8C2DDC8A2A7E1878004E2D95 /* PrepareViewController.swift */; };
		8C44C4722A6E4CA700044068 /* Alamofire in Frameworks */ = {isa = PBXBuildFile; productRef = 8C44C4712A6E4CA700044068 /* Alamofire */; };
		8C44C4742A6F6C1A00044068 /* PaPagoAPI.swift in Sources */ = {isa = PBXBuildFile; fileRef = 8C44C4732A6F6C1A00044068 /* PaPagoAPI.swift */; };
		8C44C4762A6F6C5000044068 /* ChckNorrisJokeAPI.swift in Sources */ = {isa = PBXBuildFile; fileRef = 8C44C4752A6F6C5000044068 /* ChckNorrisJokeAPI.swift */; };
		8C44C4782A6F88C000044068 /* ImageGameViewController.swift in Sources */ = {isa = PBXBuildFile; fileRef = 8C44C4772A6F88C000044068 /* ImageGameViewController.swift */; };
		8C44C47A2A70FA6000044068 /* NaverImageAPI.swift in Sources */ = {isa = PBXBuildFile; fileRef = 8C44C4792A70FA6000044068 /* NaverImageAPI.swift */; };
		8C5CAF002A6E2F4F00107EDB /* AppDelegate.swift in Sources */ = {isa = PBXBuildFile; fileRef = 8C5CAEFF2A6E2F4F00107EDB /* AppDelegate.swift */; };
		8C5CAF022A6E2F4F00107EDB /* SceneDelegate.swift in Sources */ = {isa = PBXBuildFile; fileRef = 8C5CAF012A6E2F4F00107EDB /* SceneDelegate.swift */; };
		8C5CAF042A6E2F4F00107EDB /* SenseOfHumorViewController.swift in Sources */ = {isa = PBXBuildFile; fileRef = 8C5CAF032A6E2F4F00107EDB /* SenseOfHumorViewController.swift */; };
		8C5CAF072A6E2F4F00107EDB /* Main.storyboard in Resources */ = {isa = PBXBuildFile; fileRef = 8C5CAF052A6E2F4F00107EDB /* Main.storyboard */; };
		8C5CAF092A6E2F5300107EDB /* Assets.xcassets in Resources */ = {isa = PBXBuildFile; fileRef = 8C5CAF082A6E2F5300107EDB /* Assets.xcassets */; };
		8C5CAF0C2A6E2F5300107EDB /* LaunchScreen.storyboard in Resources */ = {isa = PBXBuildFile; fileRef = 8C5CAF0A2A6E2F5300107EDB /* LaunchScreen.storyboard */; };
		8C67DD4E2AE7D004002B85B8 /* Differentiator in Frameworks */ = {isa = PBXBuildFile; productRef = 8C67DD4D2AE7D004002B85B8 /* Differentiator */; };
		8C67DD502AE7D004002B85B8 /* RxDataSources in Frameworks */ = {isa = PBXBuildFile; productRef = 8C67DD4F2AE7D004002B85B8 /* RxDataSources */; };
		8C847E5E2AAEF44D00E1C662 /* Model.swift in Sources */ = {isa = PBXBuildFile; fileRef = 8C847E5D2AAEF44D00E1C662 /* Model.swift */; };
		8C847E602AAEF5E000E1C662 /* Repository.swift in Sources */ = {isa = PBXBuildFile; fileRef = 8C847E5F2AAEF5E000E1C662 /* Repository.swift */; };
		8C847E622AAEF8AD00E1C662 /* Service.swift in Sources */ = {isa = PBXBuildFile; fileRef = 8C847E612AAEF8AD00E1C662 /* Service.swift */; };
		8C847E642AAF1F6E00E1C662 /* ViewModel.swift in Sources */ = {isa = PBXBuildFile; fileRef = 8C847E632AAF1F6E00E1C662 /* ViewModel.swift */; };
		8C900B242AA07630008907D0 /* Test.swift in Sources */ = {isa = PBXBuildFile; fileRef = 8C900B232AA07630008907D0 /* Test.swift */; };
		8C900B272AA078D1008907D0 /* RxCocoa in Frameworks */ = {isa = PBXBuildFile; productRef = 8C900B262AA078D1008907D0 /* RxCocoa */; };
		8C900B292AA078D1008907D0 /* RxSwift in Frameworks */ = {isa = PBXBuildFile; productRef = 8C900B282AA078D1008907D0 /* RxSwift */; };
		8C9142192A971E710069F99E /* NewsAPI.swift in Sources */ = {isa = PBXBuildFile; fileRef = 8C9142182A971E710069F99E /* NewsAPI.swift */; };
		8C91421B2A9745AC0069F99E /* NewsTableViewCell.swift in Sources */ = {isa = PBXBuildFile; fileRef = 8C91421A2A9745AC0069F99E /* NewsTableViewCell.swift */; };
		8C91421E2A9863440069F99E /* Kingfisher in Frameworks */ = {isa = PBXBuildFile; productRef = 8C91421D2A9863440069F99E /* Kingfisher */; };
		8C9142202A9881A20069F99E /* NewsDetailContentViewController.swift in Sources */ = {isa = PBXBuildFile; fileRef = 8C91421F2A9881A20069F99E /* NewsDetailContentViewController.swift */; };
		8C9142222A9C6C440069F99E /* NewsBottomSheetViewController.swift in Sources */ = {isa = PBXBuildFile; fileRef = 8C9142212A9C6C440069F99E /* NewsBottomSheetViewController.swift */; };
		8C9142252A9C70670069F99E /* SnapKit in Frameworks */ = {isa = PBXBuildFile; productRef = 8C9142242A9C70670069F99E /* SnapKit */; };
		8C9142282A9C71B60069F99E /* Then in Frameworks */ = {isa = PBXBuildFile; productRef = 8C9142272A9C71B60069F99E /* Then */; };
		8C91422B2A9C95910069F99E /* FloatingPanel in Frameworks */ = {isa = PBXBuildFile; productRef = 8C91422A2A9C95910069F99E /* FloatingPanel */; };
		8C9142312A9F296B0069F99E /* RapidAPI.swift in Sources */ = {isa = PBXBuildFile; fileRef = 8C9142302A9F296B0069F99E /* RapidAPI.swift */; };
		8C9142332A9F29A60069F99E /* NaverDictionaryAPI.swift in Sources */ = {isa = PBXBuildFile; fileRef = 8C9142322A9F29A60069F99E /* NaverDictionaryAPI.swift */; };
		8C9142412A9F57E20069F99E /* UIColor+.swift in Sources */ = {isa = PBXBuildFile; fileRef = 8C9142402A9F57E20069F99E /* UIColor+.swift */; };
		8C94639B2A8B62B500339BDE /* ResultViewController.swift in Sources */ = {isa = PBXBuildFile; fileRef = 8C94639A2A8B62B500339BDE /* ResultViewController.swift */; };
		8C94639E2A8B65A900339BDE /* Lottie in Frameworks */ = {isa = PBXBuildFile; productRef = 8C94639D2A8B65A900339BDE /* Lottie */; };
		8C9463A02A8B669700339BDE /* animation_llc03wvm.json in Resources */ = {isa = PBXBuildFile; fileRef = 8C94639F2A8B669700339BDE /* animation_llc03wvm.json */; };
		8C9463A22A8DEE3400339BDE /* correctAnimation.json in Resources */ = {isa = PBXBuildFile; fileRef = 8C9463A12A8DEE3300339BDE /* correctAnimation.json */; };
		8C9463A62A8DF64300339BDE /* incorrectAnimation.json in Resources */ = {isa = PBXBuildFile; fileRef = 8C9463A52A8DF64300339BDE /* incorrectAnimation.json */; };
		8C9CC9F02A7B8F8900A05FDF /* NewsViewController.swift in Sources */ = {isa = PBXBuildFile; fileRef = 8C9CC9EF2A7B8F8900A05FDF /* NewsViewController.swift */; };
		8CD91A7F2A74E8200025D3E1 /* HomeViewController.swift in Sources */ = {isa = PBXBuildFile; fileRef = 8CD91A7E2A74E8200025D3E1 /* HomeViewController.swift */; };
/* End PBXBuildFile section */

/* Begin PBXFileReference section */
		8C2DDC8A2A7E1878004E2D95 /* PrepareViewController.swift */ = {isa = PBXFileReference; lastKnownFileType = sourcecode.swift; path = PrepareViewController.swift; sourceTree = "<group>"; };
		8C44C4732A6F6C1A00044068 /* PaPagoAPI.swift */ = {isa = PBXFileReference; lastKnownFileType = sourcecode.swift; path = PaPagoAPI.swift; sourceTree = "<group>"; };
		8C44C4752A6F6C5000044068 /* ChckNorrisJokeAPI.swift */ = {isa = PBXFileReference; lastKnownFileType = sourcecode.swift; path = ChckNorrisJokeAPI.swift; sourceTree = "<group>"; };
		8C44C4772A6F88C000044068 /* ImageGameViewController.swift */ = {isa = PBXFileReference; lastKnownFileType = sourcecode.swift; path = ImageGameViewController.swift; sourceTree = "<group>"; };
		8C44C4792A70FA6000044068 /* NaverImageAPI.swift */ = {isa = PBXFileReference; lastKnownFileType = sourcecode.swift; path = NaverImageAPI.swift; sourceTree = "<group>"; };
		8C5CAEFC2A6E2F4F00107EDB /* ChuckNorrisJoke.app */ = {isa = PBXFileReference; explicitFileType = wrapper.application; includeInIndex = 0; path = ChuckNorrisJoke.app; sourceTree = BUILT_PRODUCTS_DIR; };
		8C5CAEFF2A6E2F4F00107EDB /* AppDelegate.swift */ = {isa = PBXFileReference; lastKnownFileType = sourcecode.swift; path = AppDelegate.swift; sourceTree = "<group>"; };
		8C5CAF012A6E2F4F00107EDB /* SceneDelegate.swift */ = {isa = PBXFileReference; lastKnownFileType = sourcecode.swift; path = SceneDelegate.swift; sourceTree = "<group>"; };
		8C5CAF032A6E2F4F00107EDB /* SenseOfHumorViewController.swift */ = {isa = PBXFileReference; lastKnownFileType = sourcecode.swift; path = SenseOfHumorViewController.swift; sourceTree = "<group>"; };
		8C5CAF062A6E2F4F00107EDB /* Base */ = {isa = PBXFileReference; lastKnownFileType = file.storyboard; name = Base; path = Base.lproj/Main.storyboard; sourceTree = "<group>"; };
		8C5CAF082A6E2F5300107EDB /* Assets.xcassets */ = {isa = PBXFileReference; lastKnownFileType = folder.assetcatalog; path = Assets.xcassets; sourceTree = "<group>"; };
		8C5CAF0B2A6E2F5300107EDB /* Base */ = {isa = PBXFileReference; lastKnownFileType = file.storyboard; name = Base; path = Base.lproj/LaunchScreen.storyboard; sourceTree = "<group>"; };
		8C5CAF0D2A6E2F5300107EDB /* Info.plist */ = {isa = PBXFileReference; lastKnownFileType = text.plist.xml; path = Info.plist; sourceTree = "<group>"; };
		8C847E5D2AAEF44D00E1C662 /* Model.swift */ = {isa = PBXFileReference; lastKnownFileType = sourcecode.swift; path = Model.swift; sourceTree = "<group>"; };
		8C847E5F2AAEF5E000E1C662 /* Repository.swift */ = {isa = PBXFileReference; lastKnownFileType = sourcecode.swift; path = Repository.swift; sourceTree = "<group>"; };
		8C847E612AAEF8AD00E1C662 /* Service.swift */ = {isa = PBXFileReference; lastKnownFileType = sourcecode.swift; path = Service.swift; sourceTree = "<group>"; };
		8C847E632AAF1F6E00E1C662 /* ViewModel.swift */ = {isa = PBXFileReference; lastKnownFileType = sourcecode.swift; path = ViewModel.swift; sourceTree = "<group>"; };
		8C900B232AA07630008907D0 /* Test.swift */ = {isa = PBXFileReference; lastKnownFileType = sourcecode.swift; path = Test.swift; sourceTree = "<group>"; };
		8C9142182A971E710069F99E /* NewsAPI.swift */ = {isa = PBXFileReference; lastKnownFileType = sourcecode.swift; path = NewsAPI.swift; sourceTree = "<group>"; };
		8C91421A2A9745AC0069F99E /* NewsTableViewCell.swift */ = {isa = PBXFileReference; lastKnownFileType = sourcecode.swift; path = NewsTableViewCell.swift; sourceTree = "<group>"; };
		8C91421F2A9881A20069F99E /* NewsDetailContentViewController.swift */ = {isa = PBXFileReference; lastKnownFileType = sourcecode.swift; path = NewsDetailContentViewController.swift; sourceTree = "<group>"; };
		8C9142212A9C6C440069F99E /* NewsBottomSheetViewController.swift */ = {isa = PBXFileReference; lastKnownFileType = sourcecode.swift; path = NewsBottomSheetViewController.swift; sourceTree = "<group>"; };
		8C9142302A9F296B0069F99E /* RapidAPI.swift */ = {isa = PBXFileReference; lastKnownFileType = sourcecode.swift; path = RapidAPI.swift; sourceTree = "<group>"; };
		8C9142322A9F29A60069F99E /* NaverDictionaryAPI.swift */ = {isa = PBXFileReference; lastKnownFileType = sourcecode.swift; path = NaverDictionaryAPI.swift; sourceTree = "<group>"; };
		8C9142402A9F57E20069F99E /* UIColor+.swift */ = {isa = PBXFileReference; lastKnownFileType = sourcecode.swift; path = "UIColor+.swift"; sourceTree = "<group>"; };
		8C94639A2A8B62B500339BDE /* ResultViewController.swift */ = {isa = PBXFileReference; lastKnownFileType = sourcecode.swift; path = ResultViewController.swift; sourceTree = "<group>"; };
		8C94639F2A8B669700339BDE /* animation_llc03wvm.json */ = {isa = PBXFileReference; fileEncoding = 4; lastKnownFileType = text.json; path = animation_llc03wvm.json; sourceTree = "<group>"; };
		8C9463A12A8DEE3300339BDE /* correctAnimation.json */ = {isa = PBXFileReference; fileEncoding = 4; lastKnownFileType = text.json; path = correctAnimation.json; sourceTree = "<group>"; };
		8C9463A52A8DF64300339BDE /* incorrectAnimation.json */ = {isa = PBXFileReference; fileEncoding = 4; lastKnownFileType = text.json; path = incorrectAnimation.json; sourceTree = "<group>"; };
		8C9CC9EF2A7B8F8900A05FDF /* NewsViewController.swift */ = {isa = PBXFileReference; lastKnownFileType = sourcecode.swift; path = NewsViewController.swift; sourceTree = "<group>"; };
		8CD91A7E2A74E8200025D3E1 /* HomeViewController.swift */ = {isa = PBXFileReference; lastKnownFileType = sourcecode.swift; path = HomeViewController.swift; sourceTree = "<group>"; };
/* End PBXFileReference section */

/* Begin PBXFrameworksBuildPhase section */
		8C5CAEF92A6E2F4F00107EDB /* Frameworks */ = {
			isa = PBXFrameworksBuildPhase;
			buildActionMask = 2147483647;
			files = (
				8C9142282A9C71B60069F99E /* Then in Frameworks */,
				8C91421E2A9863440069F99E /* Kingfisher in Frameworks */,
				8C9142252A9C70670069F99E /* SnapKit in Frameworks */,
				8C67DD502AE7D004002B85B8 /* RxDataSources in Frameworks */,
				8C900B272AA078D1008907D0 /* RxCocoa in Frameworks */,
				8C91422B2A9C95910069F99E /* FloatingPanel in Frameworks */,
				8C44C4722A6E4CA700044068 /* Alamofire in Frameworks */,
				8C900B292AA078D1008907D0 /* RxSwift in Frameworks */,
				8C67DD4E2AE7D004002B85B8 /* Differentiator in Frameworks */,
				8C94639E2A8B65A900339BDE /* Lottie in Frameworks */,
			);
			runOnlyForDeploymentPostprocessing = 0;
		};
/* End PBXFrameworksBuildPhase section */

/* Begin PBXGroup section */
		8C1F862A2AA62E5900E88D04 /* Test */ = {
			isa = PBXGroup;
			children = (
				8C900B232AA07630008907D0 /* Test.swift */,
			);
			path = Test;
			sourceTree = "<group>";
		};
		8C5CAEF32A6E2F4E00107EDB = {
			isa = PBXGroup;
			children = (
				8C5CAEFE2A6E2F4F00107EDB /* ChuckNorrisJoke */,
				8C5CAEFD2A6E2F4F00107EDB /* Products */,
			);
			sourceTree = "<group>";
		};
		8C5CAEFD2A6E2F4F00107EDB /* Products */ = {
			isa = PBXGroup;
			children = (
				8C5CAEFC2A6E2F4F00107EDB /* ChuckNorrisJoke.app */,
			);
			name = Products;
			sourceTree = "<group>";
		};
		8C5CAEFE2A6E2F4F00107EDB /* ChuckNorrisJoke */ = {
			isa = PBXGroup;
			children = (
				8C1F862A2AA62E5900E88D04 /* Test */,
				8C91422E2A9F242F0069F99E /* Sources */,
				8C91422D2A9F22870069F99E /* Resources */,
				8C5CAF012A6E2F4F00107EDB /* SceneDelegate.swift */,
				8C5CAF082A6E2F5300107EDB /* Assets.xcassets */,
				8C5CAF0A2A6E2F5300107EDB /* LaunchScreen.storyboard */,
				8C5CAF0D2A6E2F5300107EDB /* Info.plist */,
			);
			path = ChuckNorrisJoke;
			sourceTree = "<group>";
		};
		8C847E5B2AAEF39700E1C662 /* NewsTable */ = {
			isa = PBXGroup;
			children = (
				8C847E5C2AAEF3C100E1C662 /* View */,
			);
			path = NewsTable;
			sourceTree = "<group>";
		};
		8C847E5C2AAEF3C100E1C662 /* View */ = {
			isa = PBXGroup;
			children = (
				8C9142182A971E710069F99E /* NewsAPI.swift */,
				8C847E5D2AAEF44D00E1C662 /* Model.swift */,
				8C847E5F2AAEF5E000E1C662 /* Repository.swift */,
				8C847E612AAEF8AD00E1C662 /* Service.swift */,
				8C847E632AAF1F6E00E1C662 /* ViewModel.swift */,
				8C9CC9EF2A7B8F8900A05FDF /* NewsViewController.swift */,
				8C91421A2A9745AC0069F99E /* NewsTableViewCell.swift */,
			);
			path = View;
			sourceTree = "<group>";
		};
		8C91422C2A9F22060069F99E /* AnimationJSON */ = {
			isa = PBXGroup;
			children = (
				8C94639F2A8B669700339BDE /* animation_llc03wvm.json */,
				8C9463A12A8DEE3300339BDE /* correctAnimation.json */,
				8C9463A52A8DF64300339BDE /* incorrectAnimation.json */,
			);
			path = AnimationJSON;
			sourceTree = "<group>";
		};
		8C91422D2A9F22870069F99E /* Resources */ = {
			isa = PBXGroup;
			children = (
				8C91422C2A9F22060069F99E /* AnimationJSON */,
			);
			path = Resources;
			sourceTree = "<group>";
		};
		8C91422E2A9F242F0069F99E /* Sources */ = {
			isa = PBXGroup;
			children = (
				8C91423D2A9F57640069F99E /* App */,
				8C9142342A9F2C620069F99E /* UI Layer */,
				8C91422F2A9F24D50069F99E /* API */,
			);
			path = Sources;
			sourceTree = "<group>";
		};
		8C91422F2A9F24D50069F99E /* API */ = {
			isa = PBXGroup;
			children = (
				8C44C4752A6F6C5000044068 /* ChckNorrisJokeAPI.swift */,
				8C44C4792A70FA6000044068 /* NaverImageAPI.swift */,
				8C44C4732A6F6C1A00044068 /* PaPagoAPI.swift */,
				8C9142302A9F296B0069F99E /* RapidAPI.swift */,
				8C9142322A9F29A60069F99E /* NaverDictionaryAPI.swift */,
			);
			path = API;
			sourceTree = "<group>";
		};
		8C9142342A9F2C620069F99E /* UI Layer */ = {
			isa = PBXGroup;
			children = (
				8C9142352A9F2C770069F99E /* Screens */,
			);
			path = "UI Layer";
			sourceTree = "<group>";
		};
		8C9142352A9F2C770069F99E /* Screens */ = {
			isa = PBXGroup;
			children = (
				8C91423E2A9F57BA0069F99E /* Common */,
				8C91423B2A9F2DE80069F99E /* News */,
				8C91423A2A9F2D7B0069F99E /* Prepare */,
				8C9142392A9F2D6F0069F99E /* Result */,
				8C9142382A9F2D630069F99E /* ImageGame */,
				8C9142372A9F2D4A0069F99E /* SenseOfHumor */,
				8C9142362A9F2D390069F99E /* Home */,
			);
			path = Screens;
			sourceTree = "<group>";
		};
		8C9142362A9F2D390069F99E /* Home */ = {
			isa = PBXGroup;
			children = (
				8CD91A7E2A74E8200025D3E1 /* HomeViewController.swift */,
			);
			path = Home;
			sourceTree = "<group>";
		};
		8C9142372A9F2D4A0069F99E /* SenseOfHumor */ = {
			isa = PBXGroup;
			children = (
				8C5CAF032A6E2F4F00107EDB /* SenseOfHumorViewController.swift */,
			);
			path = SenseOfHumor;
			sourceTree = "<group>";
		};
		8C9142382A9F2D630069F99E /* ImageGame */ = {
			isa = PBXGroup;
			children = (
				8C44C4772A6F88C000044068 /* ImageGameViewController.swift */,
			);
			path = ImageGame;
			sourceTree = "<group>";
		};
		8C9142392A9F2D6F0069F99E /* Result */ = {
			isa = PBXGroup;
			children = (
				8C94639A2A8B62B500339BDE /* ResultViewController.swift */,
			);
			path = Result;
			sourceTree = "<group>";
		};
		8C91423A2A9F2D7B0069F99E /* Prepare */ = {
			isa = PBXGroup;
			children = (
				8C2DDC8A2A7E1878004E2D95 /* PrepareViewController.swift */,
			);
			path = Prepare;
			sourceTree = "<group>";
		};
		8C91423B2A9F2DE80069F99E /* News */ = {
			isa = PBXGroup;
			children = (
				8C847E5B2AAEF39700E1C662 /* NewsTable */,
				8C91423C2A9F2E030069F99E /* News Detail */,
			);
			path = News;
			sourceTree = "<group>";
		};
		8C91423C2A9F2E030069F99E /* News Detail */ = {
			isa = PBXGroup;
			children = (
				8C91421F2A9881A20069F99E /* NewsDetailContentViewController.swift */,
				8C9142212A9C6C440069F99E /* NewsBottomSheetViewController.swift */,
			);
			path = "News Detail";
			sourceTree = "<group>";
		};
		8C91423D2A9F57640069F99E /* App */ = {
			isa = PBXGroup;
			children = (
				8C5CAF052A6E2F4F00107EDB /* Main.storyboard */,
				8C5CAEFF2A6E2F4F00107EDB /* AppDelegate.swift */,
			);
			path = App;
			sourceTree = "<group>";
		};
		8C91423E2A9F57BA0069F99E /* Common */ = {
			isa = PBXGroup;
			children = (
				8C91423F2A9F57C60069F99E /* Extensions */,
			);
			path = Common;
			sourceTree = "<group>";
		};
		8C91423F2A9F57C60069F99E /* Extensions */ = {
			isa = PBXGroup;
			children = (
				8C9142402A9F57E20069F99E /* UIColor+.swift */,
			);
			path = Extensions;
			sourceTree = "<group>";
		};
/* End PBXGroup section */

/* Begin PBXNativeTarget section */
		8C5CAEFB2A6E2F4F00107EDB /* ChuckNorrisJoke */ = {
			isa = PBXNativeTarget;
			buildConfigurationList = 8C5CAF102A6E2F5300107EDB /* Build configuration list for PBXNativeTarget "ChuckNorrisJoke" */;
			buildPhases = (
				8C5CAEF82A6E2F4F00107EDB /* Sources */,
				8C5CAEF92A6E2F4F00107EDB /* Frameworks */,
				8C5CAEFA2A6E2F4F00107EDB /* Resources */,
			);
			buildRules = (
			);
			dependencies = (
			);
			name = ChuckNorrisJoke;
			packageProductDependencies = (
				8C44C4712A6E4CA700044068 /* Alamofire */,
				8C94639D2A8B65A900339BDE /* Lottie */,
				8C91421D2A9863440069F99E /* Kingfisher */,
				8C9142242A9C70670069F99E /* SnapKit */,
				8C9142272A9C71B60069F99E /* Then */,
				8C91422A2A9C95910069F99E /* FloatingPanel */,
				8C900B262AA078D1008907D0 /* RxCocoa */,
				8C900B282AA078D1008907D0 /* RxSwift */,
				8C67DD4D2AE7D004002B85B8 /* Differentiator */,
				8C67DD4F2AE7D004002B85B8 /* RxDataSources */,
			);
			productName = ChuckNorrisJoke;
			productReference = 8C5CAEFC2A6E2F4F00107EDB /* ChuckNorrisJoke.app */;
			productType = "com.apple.product-type.application";
		};
/* End PBXNativeTarget section */

/* Begin PBXProject section */
		8C5CAEF42A6E2F4E00107EDB /* Project object */ = {
			isa = PBXProject;
			attributes = {
				BuildIndependentTargetsInParallel = 1;
				LastSwiftUpdateCheck = 1430;
				LastUpgradeCheck = 1430;
				ORGANIZATIONNAME = "";
				TargetAttributes = {
					8C5CAEFB2A6E2F4F00107EDB = {
						CreatedOnToolsVersion = 14.3;
					};
				};
			};
			buildConfigurationList = 8C5CAEF72A6E2F4F00107EDB /* Build configuration list for PBXProject "ChuckNorrisJoke" */;
			compatibilityVersion = "Xcode 14.0";
			developmentRegion = en;
			hasScannedForEncodings = 0;
			knownRegions = (
				en,
				Base,
			);
			mainGroup = 8C5CAEF32A6E2F4E00107EDB;
			packageReferences = (
				8C44C4702A6E4CA700044068 /* XCRemoteSwiftPackageReference "Alamofire" */,
				8C94639C2A8B65A800339BDE /* XCRemoteSwiftPackageReference "lottie-spm" */,
				8C91421C2A9863440069F99E /* XCRemoteSwiftPackageReference "Kingfisher" */,
				8C9142232A9C70670069F99E /* XCRemoteSwiftPackageReference "SnapKit" */,
				8C9142262A9C71B60069F99E /* XCRemoteSwiftPackageReference "Then" */,
				8C9142292A9C95910069F99E /* XCRemoteSwiftPackageReference "FloatingPanel" */,
				8C900B252AA078D1008907D0 /* XCRemoteSwiftPackageReference "RxSwift" */,
				8C67DD4C2AE7D004002B85B8 /* XCRemoteSwiftPackageReference "RxDataSources" */,
			);
			productRefGroup = 8C5CAEFD2A6E2F4F00107EDB /* Products */;
			projectDirPath = "";
			projectRoot = "";
			targets = (
				8C5CAEFB2A6E2F4F00107EDB /* ChuckNorrisJoke */,
			);
		};
/* End PBXProject section */

/* Begin PBXResourcesBuildPhase section */
		8C5CAEFA2A6E2F4F00107EDB /* Resources */ = {
			isa = PBXResourcesBuildPhase;
			buildActionMask = 2147483647;
			files = (
				8C5CAF0C2A6E2F5300107EDB /* LaunchScreen.storyboard in Resources */,
				8C5CAF092A6E2F5300107EDB /* Assets.xcassets in Resources */,
				8C9463A62A8DF64300339BDE /* incorrectAnimation.json in Resources */,
				8C9463A02A8B669700339BDE /* animation_llc03wvm.json in Resources */,
				8C5CAF072A6E2F4F00107EDB /* Main.storyboard in Resources */,
				8C9463A22A8DEE3400339BDE /* correctAnimation.json in Resources */,
			);
			runOnlyForDeploymentPostprocessing = 0;
		};
/* End PBXResourcesBuildPhase section */

/* Begin PBXSourcesBuildPhase section */
		8C5CAEF82A6E2F4F00107EDB /* Sources */ = {
			isa = PBXSourcesBuildPhase;
			buildActionMask = 2147483647;
			files = (
				8C5CAF042A6E2F4F00107EDB /* SenseOfHumorViewController.swift in Sources */,
				8C5CAF002A6E2F4F00107EDB /* AppDelegate.swift in Sources */,
				8C9CC9F02A7B8F8900A05FDF /* NewsViewController.swift in Sources */,
				8C9142312A9F296B0069F99E /* RapidAPI.swift in Sources */,
				8C900B242AA07630008907D0 /* Test.swift in Sources */,
				8C847E642AAF1F6E00E1C662 /* ViewModel.swift in Sources */,
				8C5CAF022A6E2F4F00107EDB /* SceneDelegate.swift in Sources */,
				8C9142202A9881A20069F99E /* NewsDetailContentViewController.swift in Sources */,
				8C9142222A9C6C440069F99E /* NewsBottomSheetViewController.swift in Sources */,
				8C91421B2A9745AC0069F99E /* NewsTableViewCell.swift in Sources */,
				8CD91A7F2A74E8200025D3E1 /* HomeViewController.swift in Sources */,
				8C44C4762A6F6C5000044068 /* ChckNorrisJokeAPI.swift in Sources */,
				8C9142332A9F29A60069F99E /* NaverDictionaryAPI.swift in Sources */,
				8C9142192A971E710069F99E /* NewsAPI.swift in Sources */,
				8C44C47A2A70FA6000044068 /* NaverImageAPI.swift in Sources */,
				8C847E602AAEF5E000E1C662 /* Repository.swift in Sources */,
				8C44C4782A6F88C000044068 /* ImageGameViewController.swift in Sources */,
				8C847E5E2AAEF44D00E1C662 /* Model.swift in Sources */,
				8C2DDC8B2A7E1878004E2D95 /* PrepareViewController.swift in Sources */,
				8C44C4742A6F6C1A00044068 /* PaPagoAPI.swift in Sources */,
				8C847E622AAEF8AD00E1C662 /* Service.swift in Sources */,
				8C94639B2A8B62B500339BDE /* ResultViewController.swift in Sources */,
				8C9142412A9F57E20069F99E /* UIColor+.swift in Sources */,
			);
			runOnlyForDeploymentPostprocessing = 0;
		};
/* End PBXSourcesBuildPhase section */

/* Begin PBXVariantGroup section */
		8C5CAF052A6E2F4F00107EDB /* Main.storyboard */ = {
			isa = PBXVariantGroup;
			children = (
				8C5CAF062A6E2F4F00107EDB /* Base */,
			);
			name = Main.storyboard;
			sourceTree = "<group>";
		};
		8C5CAF0A2A6E2F5300107EDB /* LaunchScreen.storyboard */ = {
			isa = PBXVariantGroup;
			children = (
				8C5CAF0B2A6E2F5300107EDB /* Base */,
			);
			name = LaunchScreen.storyboard;
			sourceTree = "<group>";
		};
/* End PBXVariantGroup section */

/* Begin XCBuildConfiguration section */
		8C5CAF0E2A6E2F5300107EDB /* Debug */ = {
			isa = XCBuildConfiguration;
			buildSettings = {
				ALWAYS_SEARCH_USER_PATHS = NO;
				CLANG_ANALYZER_NONNULL = YES;
				CLANG_ANALYZER_NUMBER_OBJECT_CONVERSION = YES_AGGRESSIVE;
				CLANG_CXX_LANGUAGE_STANDARD = "gnu++20";
				CLANG_ENABLE_MODULES = YES;
				CLANG_ENABLE_OBJC_ARC = YES;
				CLANG_ENABLE_OBJC_WEAK = YES;
				CLANG_WARN_BLOCK_CAPTURE_AUTORELEASING = YES;
				CLANG_WARN_BOOL_CONVERSION = YES;
				CLANG_WARN_COMMA = YES;
				CLANG_WARN_CONSTANT_CONVERSION = YES;
				CLANG_WARN_DEPRECATED_OBJC_IMPLEMENTATIONS = YES;
				CLANG_WARN_DIRECT_OBJC_ISA_USAGE = YES_ERROR;
				CLANG_WARN_DOCUMENTATION_COMMENTS = YES;
				CLANG_WARN_EMPTY_BODY = YES;
				CLANG_WARN_ENUM_CONVERSION = YES;
				CLANG_WARN_INFINITE_RECURSION = YES;
				CLANG_WARN_INT_CONVERSION = YES;
				CLANG_WARN_NON_LITERAL_NULL_CONVERSION = YES;
				CLANG_WARN_OBJC_IMPLICIT_RETAIN_SELF = YES;
				CLANG_WARN_OBJC_LITERAL_CONVERSION = YES;
				CLANG_WARN_OBJC_ROOT_CLASS = YES_ERROR;
				CLANG_WARN_QUOTED_INCLUDE_IN_FRAMEWORK_HEADER = YES;
				CLANG_WARN_RANGE_LOOP_ANALYSIS = YES;
				CLANG_WARN_STRICT_PROTOTYPES = YES;
				CLANG_WARN_SUSPICIOUS_MOVE = YES;
				CLANG_WARN_UNGUARDED_AVAILABILITY = YES_AGGRESSIVE;
				CLANG_WARN_UNREACHABLE_CODE = YES;
				CLANG_WARN__DUPLICATE_METHOD_MATCH = YES;
				COPY_PHASE_STRIP = NO;
				DEBUG_INFORMATION_FORMAT = dwarf;
				ENABLE_STRICT_OBJC_MSGSEND = YES;
				ENABLE_TESTABILITY = YES;
				GCC_C_LANGUAGE_STANDARD = gnu11;
				GCC_DYNAMIC_NO_PIC = NO;
				GCC_NO_COMMON_BLOCKS = YES;
				GCC_OPTIMIZATION_LEVEL = 0;
				GCC_PREPROCESSOR_DEFINITIONS = (
					"DEBUG=1",
					"$(inherited)",
				);
				GCC_WARN_64_TO_32_BIT_CONVERSION = YES;
				GCC_WARN_ABOUT_RETURN_TYPE = YES_ERROR;
				GCC_WARN_UNDECLARED_SELECTOR = YES;
				GCC_WARN_UNINITIALIZED_AUTOS = YES_AGGRESSIVE;
				GCC_WARN_UNUSED_FUNCTION = YES;
				GCC_WARN_UNUSED_VARIABLE = YES;
				IPHONEOS_DEPLOYMENT_TARGET = 16.4;
				MTL_ENABLE_DEBUG_INFO = INCLUDE_SOURCE;
				MTL_FAST_MATH = YES;
				ONLY_ACTIVE_ARCH = YES;
				SDKROOT = iphoneos;
				SWIFT_ACTIVE_COMPILATION_CONDITIONS = DEBUG;
				SWIFT_OPTIMIZATION_LEVEL = "-Onone";
			};
			name = Debug;
		};
		8C5CAF0F2A6E2F5300107EDB /* Release */ = {
			isa = XCBuildConfiguration;
			buildSettings = {
				ALWAYS_SEARCH_USER_PATHS = NO;
				CLANG_ANALYZER_NONNULL = YES;
				CLANG_ANALYZER_NUMBER_OBJECT_CONVERSION = YES_AGGRESSIVE;
				CLANG_CXX_LANGUAGE_STANDARD = "gnu++20";
				CLANG_ENABLE_MODULES = YES;
				CLANG_ENABLE_OBJC_ARC = YES;
				CLANG_ENABLE_OBJC_WEAK = YES;
				CLANG_WARN_BLOCK_CAPTURE_AUTORELEASING = YES;
				CLANG_WARN_BOOL_CONVERSION = YES;
				CLANG_WARN_COMMA = YES;
				CLANG_WARN_CONSTANT_CONVERSION = YES;
				CLANG_WARN_DEPRECATED_OBJC_IMPLEMENTATIONS = YES;
				CLANG_WARN_DIRECT_OBJC_ISA_USAGE = YES_ERROR;
				CLANG_WARN_DOCUMENTATION_COMMENTS = YES;
				CLANG_WARN_EMPTY_BODY = YES;
				CLANG_WARN_ENUM_CONVERSION = YES;
				CLANG_WARN_INFINITE_RECURSION = YES;
				CLANG_WARN_INT_CONVERSION = YES;
				CLANG_WARN_NON_LITERAL_NULL_CONVERSION = YES;
				CLANG_WARN_OBJC_IMPLICIT_RETAIN_SELF = YES;
				CLANG_WARN_OBJC_LITERAL_CONVERSION = YES;
				CLANG_WARN_OBJC_ROOT_CLASS = YES_ERROR;
				CLANG_WARN_QUOTED_INCLUDE_IN_FRAMEWORK_HEADER = YES;
				CLANG_WARN_RANGE_LOOP_ANALYSIS = YES;
				CLANG_WARN_STRICT_PROTOTYPES = YES;
				CLANG_WARN_SUSPICIOUS_MOVE = YES;
				CLANG_WARN_UNGUARDED_AVAILABILITY = YES_AGGRESSIVE;
				CLANG_WARN_UNREACHABLE_CODE = YES;
				CLANG_WARN__DUPLICATE_METHOD_MATCH = YES;
				COPY_PHASE_STRIP = NO;
				DEBUG_INFORMATION_FORMAT = "dwarf-with-dsym";
				ENABLE_NS_ASSERTIONS = NO;
				ENABLE_STRICT_OBJC_MSGSEND = YES;
				GCC_C_LANGUAGE_STANDARD = gnu11;
				GCC_NO_COMMON_BLOCKS = YES;
				GCC_WARN_64_TO_32_BIT_CONVERSION = YES;
				GCC_WARN_ABOUT_RETURN_TYPE = YES_ERROR;
				GCC_WARN_UNDECLARED_SELECTOR = YES;
				GCC_WARN_UNINITIALIZED_AUTOS = YES_AGGRESSIVE;
				GCC_WARN_UNUSED_FUNCTION = YES;
				GCC_WARN_UNUSED_VARIABLE = YES;
				IPHONEOS_DEPLOYMENT_TARGET = 16.4;
				MTL_ENABLE_DEBUG_INFO = NO;
				MTL_FAST_MATH = YES;
				SDKROOT = iphoneos;
				SWIFT_COMPILATION_MODE = wholemodule;
				SWIFT_OPTIMIZATION_LEVEL = "-O";
				VALIDATE_PRODUCT = YES;
			};
			name = Release;
		};
		8C5CAF112A6E2F5300107EDB /* Debug */ = {
			isa = XCBuildConfiguration;
			buildSettings = {
				ALLOW_TARGET_PLATFORM_SPECIALIZATION = NO;
				ASSETCATALOG_COMPILER_APPICON_NAME = AppIcon;
				ASSETCATALOG_COMPILER_GLOBAL_ACCENT_COLOR_NAME = AccentColor;
				CODE_SIGN_STYLE = Automatic;
				CURRENT_PROJECT_VERSION = 1;
				DEVELOPMENT_TEAM = F2PAPBBTST;
				GENERATE_INFOPLIST_FILE = YES;
				INFOPLIST_FILE = ChuckNorrisJoke/Info.plist;
				INFOPLIST_KEY_CFBundleDisplayName = LinguaPlay;
				INFOPLIST_KEY_LSApplicationCategoryType = "public.app-category.education";
				INFOPLIST_KEY_UIApplicationSupportsIndirectInputEvents = YES;
				INFOPLIST_KEY_UILaunchStoryboardName = LaunchScreen;
				INFOPLIST_KEY_UIMainStoryboardFile = Main;
				INFOPLIST_KEY_UISupportedInterfaceOrientations_iPad = "UIInterfaceOrientationPortrait UIInterfaceOrientationPortraitUpsideDown UIInterfaceOrientationLandscapeLeft UIInterfaceOrientationLandscapeRight";
				INFOPLIST_KEY_UISupportedInterfaceOrientations_iPhone = "UIInterfaceOrientationPortrait UIInterfaceOrientationLandscapeLeft UIInterfaceOrientationLandscapeRight";
				LD_RUNPATH_SEARCH_PATHS = (
					"$(inherited)",
					"@executable_path/Frameworks",
				);
				MARKETING_VERSION = 1.0;
				PRODUCT_BUNDLE_IDENTIFIER = com.gyeongdeok.ChuckNorrisJoke;
				PRODUCT_NAME = "$(TARGET_NAME)";
				SUPPORTED_PLATFORMS = "iphoneos iphonesimulator";
				SUPPORTS_MACCATALYST = NO;
				SUPPORTS_MAC_DESIGNED_FOR_IPHONE_IPAD = NO;
				SWIFT_EMIT_LOC_STRINGS = YES;
				SWIFT_VERSION = 5.0;
				TARGETED_DEVICE_FAMILY = "1,2";
			};
			name = Debug;
		};
		8C5CAF122A6E2F5300107EDB /* Release */ = {
			isa = XCBuildConfiguration;
			buildSettings = {
				ALLOW_TARGET_PLATFORM_SPECIALIZATION = NO;
				ASSETCATALOG_COMPILER_APPICON_NAME = AppIcon;
				ASSETCATALOG_COMPILER_GLOBAL_ACCENT_COLOR_NAME = AccentColor;
				CODE_SIGN_STYLE = Automatic;
				CURRENT_PROJECT_VERSION = 1;
				DEVELOPMENT_TEAM = F2PAPBBTST;
				GENERATE_INFOPLIST_FILE = YES;
				INFOPLIST_FILE = ChuckNorrisJoke/Info.plist;
				INFOPLIST_KEY_CFBundleDisplayName = LinguaPlay;
				INFOPLIST_KEY_LSApplicationCategoryType = "public.app-category.education";
				INFOPLIST_KEY_UIApplicationSupportsIndirectInputEvents = YES;
				INFOPLIST_KEY_UILaunchStoryboardName = LaunchScreen;
				INFOPLIST_KEY_UIMainStoryboardFile = Main;
				INFOPLIST_KEY_UISupportedInterfaceOrientations_iPad = "UIInterfaceOrientationPortrait UIInterfaceOrientationPortraitUpsideDown UIInterfaceOrientationLandscapeLeft UIInterfaceOrientationLandscapeRight";
				INFOPLIST_KEY_UISupportedInterfaceOrientations_iPhone = "UIInterfaceOrientationPortrait UIInterfaceOrientationLandscapeLeft UIInterfaceOrientationLandscapeRight";
				LD_RUNPATH_SEARCH_PATHS = (
					"$(inherited)",
					"@executable_path/Frameworks",
				);
				MARKETING_VERSION = 1.0;
				PRODUCT_BUNDLE_IDENTIFIER = com.gyeongdeok.ChuckNorrisJoke;
				PRODUCT_NAME = "$(TARGET_NAME)";
				SUPPORTED_PLATFORMS = "iphoneos iphonesimulator";
				SUPPORTS_MACCATALYST = NO;
				SUPPORTS_MAC_DESIGNED_FOR_IPHONE_IPAD = NO;
				SWIFT_EMIT_LOC_STRINGS = YES;
				SWIFT_VERSION = 5.0;
				TARGETED_DEVICE_FAMILY = "1,2";
			};
			name = Release;
		};
/* End XCBuildConfiguration section */

/* Begin XCConfigurationList section */
		8C5CAEF72A6E2F4F00107EDB /* Build configuration list for PBXProject "ChuckNorrisJoke" */ = {
			isa = XCConfigurationList;
			buildConfigurations = (
				8C5CAF0E2A6E2F5300107EDB /* Debug */,
				8C5CAF0F2A6E2F5300107EDB /* Release */,
			);
			defaultConfigurationIsVisible = 0;
			defaultConfigurationName = Release;
		};
		8C5CAF102A6E2F5300107EDB /* Build configuration list for PBXNativeTarget "ChuckNorrisJoke" */ = {
			isa = XCConfigurationList;
			buildConfigurations = (
				8C5CAF112A6E2F5300107EDB /* Debug */,
				8C5CAF122A6E2F5300107EDB /* Release */,
			);
			defaultConfigurationIsVisible = 0;
			defaultConfigurationName = Release;
		};
/* End XCConfigurationList section */

/* Begin XCRemoteSwiftPackageReference section */
		8C44C4702A6E4CA700044068 /* XCRemoteSwiftPackageReference "Alamofire" */ = {
			isa = XCRemoteSwiftPackageReference;
			repositoryURL = "https://github.com/Alamofire/Alamofire.git";
			requirement = {
				kind = upToNextMajorVersion;
				minimumVersion = 5.0.0;
			};
		};
		8C67DD4C2AE7D004002B85B8 /* XCRemoteSwiftPackageReference "RxDataSources" */ = {
			isa = XCRemoteSwiftPackageReference;
			repositoryURL = "https://github.com/RxSwiftCommunity/RxDataSources";
			requirement = {
				kind = upToNextMajorVersion;
				minimumVersion = 5.0.2;
			};
		};
		8C900B252AA078D1008907D0 /* XCRemoteSwiftPackageReference "RxSwift" */ = {
			isa = XCRemoteSwiftPackageReference;
			repositoryURL = "https://github.com/ReactiveX/RxSwift.git";
			requirement = {
				kind = upToNextMajorVersion;
				minimumVersion = 6.0.0;
			};
		};
		8C91421C2A9863440069F99E /* XCRemoteSwiftPackageReference "Kingfisher" */ = {
			isa = XCRemoteSwiftPackageReference;
			repositoryURL = "https://github.com/onevcat/Kingfisher.git";
			requirement = {
				kind = upToNextMajorVersion;
				minimumVersion = 7.0.0;
			};
		};
		8C9142232A9C70670069F99E /* XCRemoteSwiftPackageReference "SnapKit" */ = {
			isa = XCRemoteSwiftPackageReference;
			repositoryURL = "https://github.com/SnapKit/SnapKit.git";
			requirement = {
				kind = upToNextMajorVersion;
				minimumVersion = 5.0.0;
			};
		};
		8C9142262A9C71B60069F99E /* XCRemoteSwiftPackageReference "Then" */ = {
			isa = XCRemoteSwiftPackageReference;
			repositoryURL = "https://github.com/devxoul/Then";
			requirement = {
				kind = upToNextMajorVersion;
				minimumVersion = 3.0.0;
			};
		};
		8C9142292A9C95910069F99E /* XCRemoteSwiftPackageReference "FloatingPanel" */ = {
			isa = XCRemoteSwiftPackageReference;
			repositoryURL = "https://github.com/scenee/FloatingPanel";
			requirement = {
				kind = upToNextMajorVersion;
				minimumVersion = 2.0.0;
			};
		};
		8C94639C2A8B65A800339BDE /* XCRemoteSwiftPackageReference "lottie-spm" */ = {
			isa = XCRemoteSwiftPackageReference;
			repositoryURL = "https://github.com/airbnb/lottie-spm.git";
			requirement = {
				kind = upToNextMajorVersion;
				minimumVersion = 4.0.0;
			};
		};
/* End XCRemoteSwiftPackageReference section */

/* Begin XCSwiftPackageProductDependency section */
		8C44C4712A6E4CA700044068 /* Alamofire */ = {
			isa = XCSwiftPackageProductDependency;
			package = 8C44C4702A6E4CA700044068 /* XCRemoteSwiftPackageReference "Alamofire" */;
			productName = Alamofire;
		};
		8C67DD4D2AE7D004002B85B8 /* Differentiator */ = {
			isa = XCSwiftPackageProductDependency;
			package = 8C67DD4C2AE7D004002B85B8 /* XCRemoteSwiftPackageReference "RxDataSources" */;
			productName = Differentiator;
		};
		8C67DD4F2AE7D004002B85B8 /* RxDataSources */ = {
			isa = XCSwiftPackageProductDependency;
			package = 8C67DD4C2AE7D004002B85B8 /* XCRemoteSwiftPackageReference "RxDataSources" */;
			productName = RxDataSources;
		};
		8C900B262AA078D1008907D0 /* RxCocoa */ = {
			isa = XCSwiftPackageProductDependency;
			package = 8C900B252AA078D1008907D0 /* XCRemoteSwiftPackageReference "RxSwift" */;
			productName = RxCocoa;
		};
		8C900B282AA078D1008907D0 /* RxSwift */ = {
			isa = XCSwiftPackageProductDependency;
			package = 8C900B252AA078D1008907D0 /* XCRemoteSwiftPackageReference "RxSwift" */;
			productName = RxSwift;
		};
		8C91421D2A9863440069F99E /* Kingfisher */ = {
			isa = XCSwiftPackageProductDependency;
			package = 8C91421C2A9863440069F99E /* XCRemoteSwiftPackageReference "Kingfisher" */;
			productName = Kingfisher;
		};
		8C9142242A9C70670069F99E /* SnapKit */ = {
			isa = XCSwiftPackageProductDependency;
			package = 8C9142232A9C70670069F99E /* XCRemoteSwiftPackageReference "SnapKit" */;
			productName = SnapKit;
		};
		8C9142272A9C71B60069F99E /* Then */ = {
			isa = XCSwiftPackageProductDependency;
			package = 8C9142262A9C71B60069F99E /* XCRemoteSwiftPackageReference "Then" */;
			productName = Then;
		};
		8C91422A2A9C95910069F99E /* FloatingPanel */ = {
			isa = XCSwiftPackageProductDependency;
			package = 8C9142292A9C95910069F99E /* XCRemoteSwiftPackageReference "FloatingPanel" */;
			productName = FloatingPanel;
		};
		8C94639D2A8B65A900339BDE /* Lottie */ = {
			isa = XCSwiftPackageProductDependency;
			package = 8C94639C2A8B65A800339BDE /* XCRemoteSwiftPackageReference "lottie-spm" */;
			productName = Lottie;
		};
/* End XCSwiftPackageProductDependency section */
	};
	rootObject = 8C5CAEF42A6E2F4E00107EDB /* Project object */;
}
